
Microsoft Visual Studio Solution File, Format Version 12.00
# Visual Studio Version 17
VisualStudioVersion = 17.14.36717.8
MinimumVisualStudioVersion = 10.0.40219.1
Project("{2150E333-8FDC-42A3-9474-1A3956D46DE8}") = "src", "src", "{02EA681E-C7D8-13C7-8484-4AC65E1B71E8}"
EndProject
Project("{2150E333-8FDC-42A3-9474-1A3956D46DE8}") = "tests", "tests", "{7BFE98EA-4334-41BC-81B4-6661309851A4}"
EndProject
Project("{FAE04EC0-301F-11D3-BF4B-00C04F79EFBC}") = "Restaurants.Api", "src\Restaurants.Api\Restaurants.Api.csproj", "{EE6051AE-B6D6-8202-9D97-06FDEF77DEC7}"
EndProject
Project("{FAE04EC0-301F-11D3-BF4B-00C04F79EFBC}") = "Restaurants.Core", "src\Restaurants.Core\Restaurants.Core.csproj", "{2F12976E-9C56-336F-E072-70F05000DC3C}"
EndProject
Project("{FAE04EC0-301F-11D3-BF4B-00C04F79EFBC}") = "Restaurants.Domain", "src\Restaurants.Domain\Restaurants.Domain.csproj", "{27C20924-9E09-3927-8D4D-A204713E4FD3}"
EndProject
Project("{FAE04EC0-301F-11D3-BF4B-00C04F79EFBC}") = "Restaurants.Exceptions", "src\Restaurants.Exception\Restaurants.Exceptions.csproj", "{E6116B4B-E4C5-2173-3376-A230E791FB87}"
EndProject
Project("{FAE04EC0-301F-11D3-BF4B-00C04F79EFBC}") = "Restaurants.Infrastructure", "src\Restaurants.Infrastructure\Restaurants.Infrastructure.csproj", "{DE26A72D-0757-3D84-C2C2-58247A49A6CF}"
EndProject
Project("{FAE04EC0-301F-11D3-BF4B-00C04F79EFBC}") = "Restaurants.Api.IntegrationTests", "tests\Restaurants.Api.IntegrationTests\Restaurants.Api.IntegrationTests.csproj", "{74BA4FB1-56B5-4D50-B217-8F1A6CAC74BC}"
EndProject
Project("{FAE04EC0-301F-11D3-BF4B-00C04F79EFBC}") = "Restaurants.Api.Tests", "tests\Restaurants.Api.Tests\Restaurants.Api.Tests.csproj", "{ACCCDEC1-5E1B-49DF-AE49-BAC6181ADD4B}"
EndProject
Project("{FAE04EC0-301F-11D3-BF4B-00C04F79EFBC}") = "Restaurants.Core.Tests", "tests\Restaurants.Core.Tests\Restaurants.Core.Tests.csproj", "{4A7887A0-9571-416C-A6AA-D5CCD6F280A5}"
EndProject
Global
	GlobalSection(SolutionConfigurationPlatforms) = preSolution
		Debug|Any CPU = Debug|Any CPU
		Debug|x64 = Debug|x64
		Debug|x86 = Debug|x86
		Release|Any CPU = Release|Any CPU
		Release|x64 = Release|x64
		Release|x86 = Release|x86
	EndGlobalSection
	GlobalSection(ProjectConfigurationPlatforms) = postSolution
		{EE6051AE-B6D6-8202-9D97-06FDEF77DEC7}.Debug|Any CPU.ActiveCfg = Debug|Any CPU
		{EE6051AE-B6D6-8202-9D97-06FDEF77DEC7}.Debug|Any CPU.Build.0 = Debug|Any CPU
		{EE6051AE-B6D6-8202-9D97-06FDEF77DEC7}.Debug|x64.ActiveCfg = Debug|Any CPU
		{EE6051AE-B6D6-8202-9D97-06FDEF77DEC7}.Debug|x64.Build.0 = Debug|Any CPU
		{EE6051AE-B6D6-8202-9D97-06FDEF77DEC7}.Debug|x86.ActiveCfg = Debug|Any CPU
		{EE6051AE-B6D6-8202-9D97-06FDEF77DEC7}.Debug|x86.Build.0 = Debug|Any CPU
		{EE6051AE-B6D6-8202-9D97-06FDEF77DEC7}.Release|Any CPU.ActiveCfg = Release|Any CPU
		{EE6051AE-B6D6-8202-9D97-06FDEF77DEC7}.Release|Any CPU.Build.0 = Release|Any CPU
		{EE6051AE-B6D6-8202-9D97-06FDEF77DEC7}.Release|x64.ActiveCfg = Release|Any CPU
		{EE6051AE-B6D6-8202-9D97-06FDEF77DEC7}.Release|x64.Build.0 = Release|Any CPU
		{EE6051AE-B6D6-8202-9D97-06FDEF77DEC7}.Release|x86.ActiveCfg = Release|Any CPU
		{EE6051AE-B6D6-8202-9D97-06FDEF77DEC7}.Release|x86.Build.0 = Release|Any CPU
		{2F12976E-9C56-336F-E072-70F05000DC3C}.Debug|Any CPU.ActiveCfg = Debug|Any CPU
		{2F12976E-9C56-336F-E072-70F05000DC3C}.Debug|Any CPU.Build.0 = Debug|Any CPU
		{2F12976E-9C56-336F-E072-70F05000DC3C}.Debug|x64.ActiveCfg = Debug|Any CPU
		{2F12976E-9C56-336F-E072-70F05000DC3C}.Debug|x64.Build.0 = Debug|Any CPU
		{2F12976E-9C56-336F-E072-70F05000DC3C}.Debug|x86.ActiveCfg = Debug|Any CPU
		{2F12976E-9C56-336F-E072-70F05000DC3C}.Debug|x86.Build.0 = Debug|Any CPU
		{2F12976E-9C56-336F-E072-70F05000DC3C}.Release|Any CPU.ActiveCfg = Release|Any CPU
		{2F12976E-9C56-336F-E072-70F05000DC3C}.Release|Any CPU.Build.0 = Release|Any CPU
		{2F12976E-9C56-336F-E072-70F05000DC3C}.Release|x64.ActiveCfg = Release|Any CPU
		{2F12976E-9C56-336F-E072-70F05000DC3C}.Release|x64.Build.0 = Release|Any CPU
		{2F12976E-9C56-336F-E072-70F05000DC3C}.Release|x86.ActiveCfg = Release|Any CPU
		{2F12976E-9C56-336F-E072-70F05000DC3C}.Release|x86.Build.0 = Release|Any CPU
		{27C20924-9E09-3927-8D4D-A204713E4FD3}.Debug|Any CPU.ActiveCfg = Debug|Any CPU
		{27C20924-9E09-3927-8D4D-A204713E4FD3}.Debug|Any CPU.Build.0 = Debug|Any CPU
		{27C20924-9E09-3927-8D4D-A204713E4FD3}.Debug|x64.ActiveCfg = Debug|Any CPU
		{27C20924-9E09-3927-8D4D-A204713E4FD3}.Debug|x64.Build.0 = Debug|Any CPU
		{27C20924-9E09-3927-8D4D-A204713E4FD3}.Debug|x86.ActiveCfg = Debug|Any CPU
		{27C20924-9E09-3927-8D4D-A204713E4FD3}.Debug|x86.Build.0 = Debug|Any CPU
		{27C20924-9E09-3927-8D4D-A204713E4FD3}.Release|Any CPU.ActiveCfg = Release|Any CPU
		{27C20924-9E09-3927-8D4D-A204713E4FD3}.Release|Any CPU.Build.0 = Release|Any CPU
		{27C20924-9E09-3927-8D4D-A204713E4FD3}.Release|x64.ActiveCfg = Release|Any CPU
		{27C20924-9E09-3927-8D4D-A204713E4FD3}.Release|x64.Build.0 = Release|Any CPU
		{27C20924-9E09-3927-8D4D-A204713E4FD3}.Release|x86.ActiveCfg = Release|Any CPU
		{27C20924-9E09-3927-8D4D-A204713E4FD3}.Release|x86.Build.0 = Release|Any CPU
		{E6116B4B-E4C5-2173-3376-A230E791FB87}.Debug|Any CPU.ActiveCfg = Debug|Any CPU
		{E6116B4B-E4C5-2173-3376-A230E791FB87}.Debug|Any CPU.Build.0 = Debug|Any CPU
		{E6116B4B-E4C5-2173-3376-A230E791FB87}.Debug|x64.ActiveCfg = Debug|Any CPU
		{E6116B4B-E4C5-2173-3376-A230E791FB87}.Debug|x64.Build.0 = Debug|Any CPU
		{E6116B4B-E4C5-2173-3376-A230E791FB87}.Debug|x86.ActiveCfg = Debug|Any CPU
		{E6116B4B-E4C5-2173-3376-A230E791FB87}.Debug|x86.Build.0 = Debug|Any CPU
		{E6116B4B-E4C5-2173-3376-A230E791FB87}.Release|Any CPU.ActiveCfg = Release|Any CPU
		{E6116B4B-E4C5-2173-3376-A230E791FB87}.Release|Any CPU.Build.0 = Release|Any CPU
		{E6116B4B-E4C5-2173-3376-A230E791FB87}.Release|x64.ActiveCfg = Release|Any CPU
		{E6116B4B-E4C5-2173-3376-A230E791FB87}.Release|x64.Build.0 = Release|Any CPU
		{E6116B4B-E4C5-2173-3376-A230E791FB87}.Release|x86.ActiveCfg = Release|Any CPU
		{E6116B4B-E4C5-2173-3376-A230E791FB87}.Release|x86.Build.0 = Release|Any CPU
		{DE26A72D-0757-3D84-C2C2-58247A49A6CF}.Debug|Any CPU.ActiveCfg = Debug|Any CPU
		{DE26A72D-0757-3D84-C2C2-58247A49A6CF}.Debug|Any CPU.Build.0 = Debug|Any CPU
		{DE26A72D-0757-3D84-C2C2-58247A49A6CF}.Debug|x64.ActiveCfg = Debug|Any CPU
		{DE26A72D-0757-3D84-C2C2-58247A49A6CF}.Debug|x64.Build.0 = Debug|Any CPU
		{DE26A72D-0757-3D84-C2C2-58247A49A6CF}.Debug|x86.ActiveCfg = Debug|Any CPU
		{DE26A72D-0757-3D84-C2C2-58247A49A6CF}.Debug|x86.Build.0 = Debug|Any CPU
		{DE26A72D-0757-3D84-C2C2-58247A49A6CF}.Release|Any CPU.ActiveCfg = Release|Any CPU
		{DE26A72D-0757-3D84-C2C2-58247A49A6CF}.Release|Any CPU.Build.0 = Release|Any CPU
		{DE26A72D-0757-3D84-C2C2-58247A49A6CF}.Release|x64.ActiveCfg = Release|Any CPU
		{DE26A72D-0757-3D84-C2C2-58247A49A6CF}.Release|x64.Build.0 = Release|Any CPU
		{DE26A72D-0757-3D84-C2C2-58247A49A6CF}.Release|x86.ActiveCfg = Release|Any CPU
		{DE26A72D-0757-3D84-C2C2-58247A49A6CF}.Release|x86.Build.0 = Release|Any CPU
		{74BA4FB1-56B5-4D50-B217-8F1A6CAC74BC}.Debug|Any CPU.ActiveCfg = Debug|Any CPU
		{74BA4FB1-56B5-4D50-B217-8F1A6CAC74BC}.Debug|Any CPU.Build.0 = Debug|Any CPU
		{74BA4FB1-56B5-4D50-B217-8F1A6CAC74BC}.Debug|x64.ActiveCfg = Debug|Any CPU
		{74BA4FB1-56B5-4D50-B217-8F1A6CAC74BC}.Debug|x64.Build.0 = Debug|Any CPU
		{74BA4FB1-56B5-4D50-B217-8F1A6CAC74BC}.Debug|x86.ActiveCfg = Debug|Any CPU
		{74BA4FB1-56B5-4D50-B217-8F1A6CAC74BC}.Debug|x86.Build.0 = Debug|Any CPU
		{74BA4FB1-56B5-4D50-B217-8F1A6CAC74BC}.Release|Any CPU.ActiveCfg = Release|Any CPU
		{74BA4FB1-56B5-4D50-B217-8F1A6CAC74BC}.Release|Any CPU.Build.0 = Release|Any CPU
		{74BA4FB1-56B5-4D50-B217-8F1A6CAC74BC}.Release|x64.ActiveCfg = Release|Any CPU
		{74BA4FB1-56B5-4D50-B217-8F1A6CAC74BC}.Release|x64.Build.0 = Release|Any CPU
		{74BA4FB1-56B5-4D50-B217-8F1A6CAC74BC}.Release|x86.ActiveCfg = Release|Any CPU
		{74BA4FB1-56B5-4D50-B217-8F1A6CAC74BC}.Release|x86.Build.0 = Release|Any CPU
		{ACCCDEC1-5E1B-49DF-AE49-BAC6181ADD4B}.Debug|Any CPU.ActiveCfg = Debug|Any CPU
		{ACCCDEC1-5E1B-49DF-AE49-BAC6181ADD4B}.Debug|Any CPU.Build.0 = Debug|Any CPU
		{ACCCDEC1-5E1B-49DF-AE49-BAC6181ADD4B}.Debug|x64.ActiveCfg = Debug|Any CPU
		{ACCCDEC1-5E1B-49DF-AE49-BAC6181ADD4B}.Debug|x64.Build.0 = Debug|Any CPU
		{ACCCDEC1-5E1B-49DF-AE49-BAC6181ADD4B}.Debug|x86.ActiveCfg = Debug|Any CPU
		{ACCCDEC1-5E1B-49DF-AE49-BAC6181ADD4B}.Debug|x86.Build.0 = Debug|Any CPU
		{ACCCDEC1-5E1B-49DF-AE49-BAC6181ADD4B}.Release|Any CPU.ActiveCfg = Release|Any CPU
		{ACCCDEC1-5E1B-49DF-AE49-BAC6181ADD4B}.Release|Any CPU.Build.0 = Release|Any CPU
		{ACCCDEC1-5E1B-49DF-AE49-BAC6181ADD4B}.Release|x64.ActiveCfg = Release|Any CPU
		{ACCCDEC1-5E1B-49DF-AE49-BAC6181ADD4B}.Release|x64.Build.0 = Release|Any CPU
		{ACCCDEC1-5E1B-49DF-AE49-BAC6181ADD4B}.Release|x86.ActiveCfg = Release|Any CPU
		{ACCCDEC1-5E1B-49DF-AE49-BAC6181ADD4B}.Release|x86.Build.0 = Release|Any CPU
		{4A7887A0-9571-416C-A6AA-D5CCD6F280A5}.Debug|Any CPU.ActiveCfg = Debug|Any CPU
		{4A7887A0-9571-416C-A6AA-D5CCD6F280A5}.Debug|Any CPU.Build.0 = Debug|Any CPU
		{4A7887A0-9571-416C-A6AA-D5CCD6F280A5}.Debug|x64.ActiveCfg = Debug|Any CPU
		{4A7887A0-9571-416C-A6AA-D5CCD6F280A5}.Debug|x64.Build.0 = Debug|Any CPU
		{4A7887A0-9571-416C-A6AA-D5CCD6F280A5}.Debug|x86.ActiveCfg = Debug|Any CPU
		{4A7887A0-9571-416C-A6AA-D5CCD6F280A5}.Debug|x86.Build.0 = Debug|Any CPU
		{4A7887A0-9571-416C-A6AA-D5CCD6F280A5}.Release|Any CPU.ActiveCfg = Release|Any CPU
		{4A7887A0-9571-416C-A6AA-D5CCD6F280A5}.Release|Any CPU.Build.0 = Release|Any CPU
		{4A7887A0-9571-416C-A6AA-D5CCD6F280A5}.Release|x64.ActiveCfg = Release|Any CPU
		{4A7887A0-9571-416C-A6AA-D5CCD6F280A5}.Release|x64.Build.0 = Release|Any CPU
		{4A7887A0-9571-416C-A6AA-D5CCD6F280A5}.Release|x86.ActiveCfg = Release|Any CPU
		{4A7887A0-9571-416C-A6AA-D5CCD6F280A5}.Release|x86.Build.0 = Release|Any CPU
	EndGlobalSection
	GlobalSection(SolutionProperties) = preSolution
		HideSolutionNode = FALSE
	EndGlobalSection
	GlobalSection(NestedProjects) = preSolution
		{EE6051AE-B6D6-8202-9D97-06FDEF77DEC7} = {02EA681E-C7D8-13C7-8484-4AC65E1B71E8}
		{2F12976E-9C56-336F-E072-70F05000DC3C} = {02EA681E-C7D8-13C7-8484-4AC65E1B71E8}
		{27C20924-9E09-3927-8D4D-A204713E4FD3} = {02EA681E-C7D8-13C7-8484-4AC65E1B71E8}
		{E6116B4B-E4C5-2173-3376-A230E791FB87} = {02EA681E-C7D8-13C7-8484-4AC65E1B71E8}
		{DE26A72D-0757-3D84-C2C2-58247A49A6CF} = {02EA681E-C7D8-13C7-8484-4AC65E1B71E8}
		{74BA4FB1-56B5-4D50-B217-8F1A6CAC74BC} = {7BFE98EA-4334-41BC-81B4-6661309851A4}
		{ACCCDEC1-5E1B-49DF-AE49-BAC6181ADD4B} = {7BFE98EA-4334-41BC-81B4-6661309851A4}
		{4A7887A0-9571-416C-A6AA-D5CCD6F280A5} = {7BFE98EA-4334-41BC-81B4-6661309851A4}
	EndGlobalSection
	GlobalSection(ExtensibilityGlobals) = postSolution
		SolutionGuid = {6518FEFD-F07F-4784-950C-AABE866FE1A1}
	EndGlobalSection
EndGlobal
